
Microsoft Visual Studio Solution File, Format Version 12.00
# Visual Studio 15
VisualStudioVersion = 15.0.27130.2010
MinimumVisualStudioVersion = 10.0.40219.1
Project("{9A19103F-16F7-4668-BE54-9A1E7A4F7556}") = "BTK", "BTK\BTK.csproj", "{6AD6264F-FFEE-4E00-8D4D-3E1EE49FD24E}"
EndProject
Project("{9A19103F-16F7-4668-BE54-9A1E7A4F7556}") = "BTK.Test", "BTK.Test\BTK.Test.csproj", "{71759727-B5C9-4251-8271-2B8F075A4BB2}"
EndProject
Project("{9A19103F-16F7-4668-BE54-9A1E7A4F7556}") = "Example1", "Example1\Example1.csproj", "{4ABB68E6-52D9-481E-8E0B-1E8E41A96B11}"
EndProject
Project("{FAE04EC0-301F-11D3-BF4B-00C04F79EFBC}") = "VisualSimulation", "VisualSimulation\VisualSimulation.csproj", "{B5175E24-92BB-4F32-88D7-23CDFC72CD1C}"
EndProject
Global
	GlobalSection(SolutionConfigurationPlatforms) = preSolution
		Debug|Any CPU = Debug|Any CPU
		Release|Any CPU = Release|Any CPU
	EndGlobalSection
	GlobalSection(ProjectConfigurationPlatforms) = postSolution
		{6AD6264F-FFEE-4E00-8D4D-3E1EE49FD24E}.Debug|Any CPU.ActiveCfg = Debug|Any CPU
		{6AD6264F-FFEE-4E00-8D4D-3E1EE49FD24E}.Debug|Any CPU.Build.0 = Debug|Any CPU
		{6AD6264F-FFEE-4E00-8D4D-3E1EE49FD24E}.Release|Any CPU.ActiveCfg = Release|Any CPU
		{6AD6264F-FFEE-4E00-8D4D-3E1EE49FD24E}.Release|Any CPU.Build.0 = Release|Any CPU
		{71759727-B5C9-4251-8271-2B8F075A4BB2}.Debug|Any CPU.ActiveCfg = Debug|Any CPU
		{71759727-B5C9-4251-8271-2B8F075A4BB2}.Debug|Any CPU.Build.0 = Debug|Any CPU
		{71759727-B5C9-4251-8271-2B8F075A4BB2}.Release|Any CPU.ActiveCfg = Release|Any CPU
		{71759727-B5C9-4251-8271-2B8F075A4BB2}.Release|Any CPU.Build.0 = Release|Any CPU
		{4ABB68E6-52D9-481E-8E0B-1E8E41A96B11}.Debug|Any CPU.ActiveCfg = Debug|Any CPU
		{4ABB68E6-52D9-481E-8E0B-1E8E41A96B11}.Debug|Any CPU.Build.0 = Debug|Any CPU
		{4ABB68E6-52D9-481E-8E0B-1E8E41A96B11}.Release|Any CPU.ActiveCfg = Release|Any CPU
		{4ABB68E6-52D9-481E-8E0B-1E8E41A96B11}.Release|Any CPU.Build.0 = Release|Any CPU
		{B5175E24-92BB-4F32-88D7-23CDFC72CD1C}.Debug|Any CPU.ActiveCfg = Debug|Any CPU
		{B5175E24-92BB-4F32-88D7-23CDFC72CD1C}.Debug|Any CPU.Build.0 = Debug|Any CPU
		{B5175E24-92BB-4F32-88D7-23CDFC72CD1C}.Release|Any CPU.ActiveCfg = Release|Any CPU
		{B5175E24-92BB-4F32-88D7-23CDFC72CD1C}.Release|Any CPU.Build.0 = Release|Any CPU
	EndGlobalSection
	GlobalSection(SolutionProperties) = preSolution
		HideSolutionNode = FALSE
	EndGlobalSection
	GlobalSection(ExtensibilityGlobals) = postSolution
		SolutionGuid = {547946BE-6ACA-4F52-97B1-A2E2D82C0350}
	EndGlobalSection
EndGlobal
